{
  "nodes": {
    "crane": {
      "inputs": {
        "nixpkgs": "nixpkgs"
      },
      "locked": {
        "lastModified": 1703089493,
        "narHash": "sha256-WUjYqUP/Lhhop9+aiHVFREgElunx1AHEWxqMT8ePfzo=",
        "owner": "ipetkov",
        "repo": "crane",
        "rev": "2a5136f14a9ac93d9d370d64a36026c5de3ae8a4",
        "type": "github"
      },
      "original": {
        "owner": "ipetkov",
        "repo": "crane",
        "type": "github"
      }
    },
    "fenix": {
      "inputs": {
        "nixpkgs": "nixpkgs_2",
        "rust-analyzer-src": "rust-analyzer-src"
      },
      "locked": {
        "lastModified": 1701411808,
        "narHash": "sha256-K8QDx8UgbvGdENuvPvcsCXcd8brd55OkRDFLBT7xUVY=",
        "owner": "nix-community",
        "repo": "fenix",
        "rev": "3776d0e2a30184cc6a0ba20fb86dc6df5b41fccd",
        "type": "github"
      },
      "original": {
        "owner": "nix-community",
        "ref": "monthly",
        "repo": "fenix",
        "type": "github"
      }
    },
    "flake-parts": {
      "inputs": {
        "nixpkgs-lib": "nixpkgs-lib"
      },
      "locked": {
        "lastModified": 1701473968,
        "narHash": "sha256-YcVE5emp1qQ8ieHUnxt1wCZCC3ZfAS+SRRWZ2TMda7E=",
        "owner": "hercules-ci",
        "repo": "flake-parts",
        "rev": "34fed993f1674c8d06d58b37ce1e0fe5eebcb9f5",
        "type": "github"
      },
      "original": {
        "owner": "hercules-ci",
        "repo": "flake-parts",
        "type": "github"
      }
    },
    "flake-utils": {
      "inputs": {
        "systems": "systems"
      },
      "locked": {
        "lastModified": 1701680307,
        "narHash": "sha256-kAuep2h5ajznlPMD9rnQyffWG8EM/C73lejGofXvdM8=",
        "owner": "numtide",
        "repo": "flake-utils",
        "rev": "4022d587cbbfd70fe950c1e2083a02621806a725",
        "type": "github"
      },
      "original": {
        "owner": "numtide",
        "repo": "flake-utils",
        "type": "github"
      }
    },
    "nixpkgs": {
      "locked": {
        "lastModified": 1702539185,
        "narHash": "sha256-KnIRG5NMdLIpEkZTnN5zovNYc0hhXjAgv6pfd5Z4c7U=",
        "owner": "NixOS",
        "repo": "nixpkgs",
        "rev": "aa9d4729cbc99dabacb50e3994dcefb3ea0f7447",
        "type": "github"
      },
      "original": {
        "owner": "NixOS",
        "ref": "nixpkgs-unstable",
        "repo": "nixpkgs",
        "type": "github"
      }
    },
    "nixpkgs-lib": {
      "locked": {
        "dir": "lib",
        "lastModified": 1701253981,
        "narHash": "sha256-ztaDIyZ7HrTAfEEUt9AtTDNoCYxUdSd6NrRHaYOIxtk=",
        "owner": "NixOS",
        "repo": "nixpkgs",
        "rev": "e92039b55bcd58469325ded85d4f58dd5a4eaf58",
        "type": "github"
      },
      "original": {
        "dir": "lib",
        "owner": "NixOS",
        "ref": "nixos-unstable",
        "repo": "nixpkgs",
        "type": "github"
      }
    },
    "nixpkgs_2": {
      "locked": {
        "lastModified": 1701068326,
        "narHash": "sha256-vmMceA+q6hG1yrjb+MP8T0YFDQIrW3bl45e7z24IEts=",
        "owner": "nixos",
        "repo": "nixpkgs",
        "rev": "8cfef6986adfb599ba379ae53c9f5631ecd2fd9c",
        "type": "github"
      },
      "original": {
        "owner": "nixos",
        "ref": "nixos-unstable",
        "repo": "nixpkgs",
        "type": "github"
      }
    },
    "nixpkgs_3": {
      "locked": {
        "lastModified": 1703013332,
        "narHash": "sha256-+tFNwMvlXLbJZXiMHqYq77z/RfmpfpiI3yjL6o/Zo9M=",
        "owner": "NixOS",
        "repo": "nixpkgs",
        "rev": "54aac082a4d9bb5bbc5c4e899603abfb76a3f6d6",
        "type": "github"
      },
      "original": {
        "owner": "NixOS",
        "ref": "nixos-unstable",
        "repo": "nixpkgs",
        "type": "github"
      }
    },
    "root": {
      "inputs": {
        "crane": "crane",
        "fenix": "fenix",
        "flake-parts": "flake-parts",
        "flake-utils": "flake-utils",
        "nixpkgs": "nixpkgs_3"
      }
    },
    "rust-analyzer-src": {
      "flake": false,
      "locked": {
        "lastModified": 1701372675,
        "narHash": "sha256-MSHhnAoLjJuoPxzsTzBOzNhjhlCTHPs4nvkPAZVV1eY=",
        "owner": "rust-lang",
        "repo": "rust-analyzer",
        "rev": "c9d189d1375e59a6c9b4d62fdede94ade001f6ee",
        "type": "github"
      },
      "original": {
        "owner": "rust-lang",
        "ref": "nightly",
        "repo": "rust-analyzer",
        "type": "github"
      }
    },
    "systems": {
      "locked": {
        "lastModified": 1681028828,
        "narHash": "sha256-Vy1rq5AaRuLzOxct8nz4T6wlgyUR7zLU309k9mBC768=",
        "owner": "nix-systems",
        "repo": "default",
        "rev": "da67096a3b9bf56a91d16901293e51ba5b49a27e",
        "type": "github"
      },
      "original": {
        "owner": "nix-systems",
        "repo": "default",
        "type": "github"
      }
    }
  },
  "root": "root",
  "version": 7
}
