{
  "nodes": {
    "crane": {
      "inputs": {
        "nixpkgs": "nixpkgs"
      },
      "locked": {
        "lastModified": 1703089493,
        "narHash": "sha256-WUjYqUP/Lhhop9+aiHVFREgElunx1AHEWxqMT8ePfzo=",
        "owner": "ipetkov",
        "repo": "crane",
        "rev": "2a5136f14a9ac93d9d370d64a36026c5de3ae8a4",
        "type": "github"
      },
      "original": {
        "owner": "ipetkov",
        "repo": "crane",
        "type": "github"
      }
    },
    "cranix": {
      "inputs": {
        "flake-utils": "flake-utils",
        "nixpkgs": "nixpkgs_2"
      },
      "locked": {
        "lastModified": 1705985690,
        "narHash": "sha256-O5l2+lryVuT8ByokNrpv+NJreFKTt1jIIwdNg4kHAxI=",
        "owner": "Lemin-n",
        "repo": "cranix",
        "rev": "2af6b2e71577bb8836b10e28f3267f2c5342a8fd",
        "type": "github"
      },
      "original": {
        "owner": "Lemin-n",
        "repo": "cranix",
        "rev": "2af6b2e71577bb8836b10e28f3267f2c5342a8fd",
        "type": "github"
      }
    },
    "fenix": {
      "inputs": {
        "nixpkgs": "nixpkgs_3",
        "rust-analyzer-src": "rust-analyzer-src"
      },
      "locked": {
        "lastModified": 1706941198,
        "narHash": "sha256-t6/qloMYdknVJ9a3QzjylQIZnQfgefJ5kMim50B7dwA=",
        "owner": "nix-community",
        "repo": "fenix",
        "rev": "28dbd8b43ea328ee708f7da538c63e03d5ed93c8",
        "type": "github"
      },
      "original": {
        "owner": "nix-community",
        "repo": "fenix",
        "type": "github"
      }
    },
    "flake-utils": {
      "inputs": {
        "systems": "systems"
      },
      "locked": {
        "lastModified": 1705309234,
        "narHash": "sha256-uNRRNRKmJyCRC/8y1RqBkqWBLM034y4qN7EprSdmgyA=",
        "owner": "numtide",
        "repo": "flake-utils",
        "rev": "1ef2e671c3b0c19053962c07dbda38332dcebf26",
        "type": "github"
      },
      "original": {
        "owner": "numtide",
        "repo": "flake-utils",
        "type": "github"
      }
    },
    "flake-utils_2": {
      "inputs": {
        "systems": "systems_2"
      },
      "locked": {
        "lastModified": 1701680307,
        "narHash": "sha256-kAuep2h5ajznlPMD9rnQyffWG8EM/C73lejGofXvdM8=",
        "owner": "numtide",
        "repo": "flake-utils",
        "rev": "4022d587cbbfd70fe950c1e2083a02621806a725",
        "type": "github"
      },
      "original": {
        "owner": "numtide",
        "repo": "flake-utils",
        "type": "github"
      }
    },
    "nixpkgs": {
      "locked": {
        "lastModified": 1702539185,
        "narHash": "sha256-KnIRG5NMdLIpEkZTnN5zovNYc0hhXjAgv6pfd5Z4c7U=",
        "owner": "NixOS",
        "repo": "nixpkgs",
        "rev": "aa9d4729cbc99dabacb50e3994dcefb3ea0f7447",
        "type": "github"
      },
      "original": {
        "owner": "NixOS",
        "ref": "nixpkgs-unstable",
        "repo": "nixpkgs",
        "type": "github"
      }
    },
    "nixpkgs_2": {
      "locked": {
        "lastModified": 1705677747,
        "narHash": "sha256-eyM3okYtMgYDgmYukoUzrmuoY4xl4FUujnsv/P6I/zI=",
        "owner": "NixOS",
        "repo": "nixpkgs",
        "rev": "bbe7d8f876fbbe7c959c90ba2ae2852220573261",
        "type": "github"
      },
      "original": {
        "owner": "NixOS",
        "ref": "nixos-unstable",
        "repo": "nixpkgs",
        "type": "github"
      }
    },
    "nixpkgs_3": {
      "locked": {
        "lastModified": 1701068326,
        "narHash": "sha256-vmMceA+q6hG1yrjb+MP8T0YFDQIrW3bl45e7z24IEts=",
        "owner": "nixos",
        "repo": "nixpkgs",
        "rev": "8cfef6986adfb599ba379ae53c9f5631ecd2fd9c",
        "type": "github"
      },
      "original": {
        "owner": "nixos",
        "ref": "nixos-unstable",
        "repo": "nixpkgs",
        "type": "github"
      }
    },
    "nixpkgs_4": {
      "locked": {
        "lastModified": 1703013332,
        "narHash": "sha256-+tFNwMvlXLbJZXiMHqYq77z/RfmpfpiI3yjL6o/Zo9M=",
        "owner": "NixOS",
        "repo": "nixpkgs",
        "rev": "54aac082a4d9bb5bbc5c4e899603abfb76a3f6d6",
        "type": "github"
      },
      "original": {
        "owner": "NixOS",
        "ref": "nixos-unstable",
        "repo": "nixpkgs",
        "type": "github"
      }
    },
    "root": {
      "inputs": {
        "crane": "crane",
        "cranix": "cranix",
        "fenix": "fenix",
        "flake-utils": "flake-utils_2",
        "nixpkgs": "nixpkgs_4"
      }
    },
    "rust-analyzer-src": {
      "flake": false,
      "locked": {
        "lastModified": 1701372675,
        "narHash": "sha256-MSHhnAoLjJuoPxzsTzBOzNhjhlCTHPs4nvkPAZVV1eY=",
        "owner": "rust-lang",
        "repo": "rust-analyzer",
        "rev": "c9d189d1375e59a6c9b4d62fdede94ade001f6ee",
        "type": "github"
      },
      "original": {
        "owner": "rust-lang",
        "ref": "nightly",
        "repo": "rust-analyzer",
        "type": "github"
      }
    },
    "systems": {
      "locked": {
        "lastModified": 1681028828,
        "narHash": "sha256-Vy1rq5AaRuLzOxct8nz4T6wlgyUR7zLU309k9mBC768=",
        "owner": "nix-systems",
        "repo": "default",
        "rev": "da67096a3b9bf56a91d16901293e51ba5b49a27e",
        "type": "github"
      },
      "original": {
        "owner": "nix-systems",
        "repo": "default",
        "type": "github"
      }
    },
    "systems_2": {
      "locked": {
        "lastModified": 1681028828,
        "narHash": "sha256-Vy1rq5AaRuLzOxct8nz4T6wlgyUR7zLU309k9mBC768=",
        "owner": "nix-systems",
        "repo": "default",
        "rev": "da67096a3b9bf56a91d16901293e51ba5b49a27e",
        "type": "github"
      },
      "original": {
        "owner": "nix-systems",
        "repo": "default",
        "type": "github"
      }
    }
  },
  "root": "root",
  "version": 7
}
